
Microsoft Visual Studio Solution File, Format Version 12.00
# Visual Studio Version 16
VisualStudioVersion = 16.0.30717.126
MinimumVisualStudioVersion = 10.0.40219.1
Project("{FAE04EC0-301F-11D3-BF4B-00C04F79EFBC}") = "Day 7 - Handy Haversacks", "Day 7 - Handy Haversacks.csproj", "{12BD92CC-22ED-497F-A137-29984726EB03}"
EndProject
Global
	GlobalSection(SolutionConfigurationPlatforms) = preSolution
		Debug|Any CPU = Debug|Any CPU
		Release|Any CPU = Release|Any CPU
	EndGlobalSection
	GlobalSection(ProjectConfigurationPlatforms) = postSolution
		{12BD92CC-22ED-497F-A137-29984726EB03}.Debug|Any CPU.ActiveCfg = Debug|Any CPU
		{12BD92CC-22ED-497F-A137-29984726EB03}.Debug|Any CPU.Build.0 = Debug|Any CPU
		{12BD92CC-22ED-497F-A137-29984726EB03}.Release|Any CPU.ActiveCfg = Release|Any CPU
		{12BD92CC-22ED-497F-A137-29984726EB03}.Release|Any CPU.Build.0 = Release|Any CPU
	EndGlobalSection
	GlobalSection(SolutionProperties) = preSolution
		HideSolutionNode = FALSE
	EndGlobalSection
	GlobalSection(ExtensibilityGlobals) = postSolution
		SolutionGuid = {DEAD05F2-25BF-4C0A-99ED-CCE3034C24CA}
	EndGlobalSection
EndGlobal
