
Microsoft Visual Studio Solution File, Format Version 12.00
# Visual Studio Version 16
VisualStudioVersion = 16.0.30717.126
MinimumVisualStudioVersion = 10.0.40219.1
Project("{FAE04EC0-301F-11D3-BF4B-00C04F79EFBC}") = "Day 8 - Handheld Halting", "Day 8 - Handheld Halting.csproj", "{F5FC0D5C-F4ED-4C74-97E8-74CA6653D327}"
EndProject
Global
	GlobalSection(SolutionConfigurationPlatforms) = preSolution
		Debug|Any CPU = Debug|Any CPU
		Release|Any CPU = Release|Any CPU
	EndGlobalSection
	GlobalSection(ProjectConfigurationPlatforms) = postSolution
		{F5FC0D5C-F4ED-4C74-97E8-74CA6653D327}.Debug|Any CPU.ActiveCfg = Debug|Any CPU
		{F5FC0D5C-F4ED-4C74-97E8-74CA6653D327}.Debug|Any CPU.Build.0 = Debug|Any CPU
		{F5FC0D5C-F4ED-4C74-97E8-74CA6653D327}.Release|Any CPU.ActiveCfg = Release|Any CPU
		{F5FC0D5C-F4ED-4C74-97E8-74CA6653D327}.Release|Any CPU.Build.0 = Release|Any CPU
	EndGlobalSection
	GlobalSection(SolutionProperties) = preSolution
		HideSolutionNode = FALSE
	EndGlobalSection
	GlobalSection(ExtensibilityGlobals) = postSolution
		SolutionGuid = {A7BBEF74-6FD2-4C49-ABAB-E63EFC7B3F0A}
	EndGlobalSection
EndGlobal
